
Microsoft Visual Studio Solution File, Format Version 12.00
# Visual Studio Version 17
VisualStudioVersion = 17.5.002.0
MinimumVisualStudioVersion = 10.0.40219.1
Project("{9A19103F-16F7-4668-BE54-9A1E7A4F7556}") = "ConsoleProject", "ConsoleProject.csproj", "{752988F9-D572-41AE-BA39-A9A3E8FFFD22}"
EndProject
Global
	GlobalSection(SolutionConfigurationPlatforms) = preSolution
		Debug|Any CPU = Debug|Any CPU
		Release|Any CPU = Release|Any CPU
	EndGlobalSection
	GlobalSection(ProjectConfigurationPlatforms) = postSolution
		{752988F9-D572-41AE-BA39-A9A3E8FFFD22}.Debug|Any CPU.ActiveCfg = Debug|Any CPU
		{752988F9-D572-41AE-BA39-A9A3E8FFFD22}.Debug|Any CPU.Build.0 = Debug|Any CPU
		{752988F9-D572-41AE-BA39-A9A3E8FFFD22}.Release|Any CPU.ActiveCfg = Release|Any CPU
		{752988F9-D572-41AE-BA39-A9A3E8FFFD22}.Release|Any CPU.Build.0 = Release|Any CPU
	EndGlobalSection
	GlobalSection(SolutionProperties) = preSolution
		HideSolutionNode = FALSE
	EndGlobalSection
	GlobalSection(ExtensibilityGlobals) = postSolution
		SolutionGuid = {206A63EB-43CD-493E-81D5-3A08537C6D7C}
	EndGlobalSection
EndGlobal
